
Microsoft Visual Studio Solution File, Format Version 12.00
# Visual Studio 2012
Project("{FAE04EC0-301F-11D3-BF4B-00C04F79EFBC}") = "AlgoWatch", "AlgoWatch\AlgoWatch.csproj", "{9B3ED7D1-D67F-4FE9-82B1-0D2BE4181CAD}"
EndProject
Global
	GlobalSection(SolutionConfigurationPlatforms) = preSolution
		Debug|Any CPU = Debug|Any CPU
		Release|Any CPU = Release|Any CPU
	EndGlobalSection
	GlobalSection(ProjectConfigurationPlatforms) = postSolution
		{9B3ED7D1-D67F-4FE9-82B1-0D2BE4181CAD}.Debug|Any CPU.ActiveCfg = Debug|Any CPU
		{9B3ED7D1-D67F-4FE9-82B1-0D2BE4181CAD}.Debug|Any CPU.Build.0 = Debug|Any CPU
		{9B3ED7D1-D67F-4FE9-82B1-0D2BE4181CAD}.Release|Any CPU.ActiveCfg = Release|Any CPU
		{9B3ED7D1-D67F-4FE9-82B1-0D2BE4181CAD}.Release|Any CPU.Build.0 = Release|Any CPU
	EndGlobalSection
	GlobalSection(SolutionProperties) = preSolution
		HideSolutionNode = FALSE
	EndGlobalSection
EndGlobal
